// !$*UTF8*$!
{
	archiveVersion = 1;
	classes = {
	};
	objectVersion = 46;
	objects = {

/* Begin PBXBuildFile section */
		55440B4E1A34B12500969FBC /* AppDelegate.swift in Sources */ = {isa = PBXBuildFile; fileRef = 55440B4D1A34B12500969FBC /* AppDelegate.swift */; };
		55440B501A34B12500969FBC /* ViewController.swift in Sources */ = {isa = PBXBuildFile; fileRef = 55440B4F1A34B12500969FBC /* ViewController.swift */; };
		55440B531A34B12500969FBC /* Main.storyboard in Resources */ = {isa = PBXBuildFile; fileRef = 55440B511A34B12500969FBC /* Main.storyboard */; };
		55440B551A34B12500969FBC /* Images.xcassets in Resources */ = {isa = PBXBuildFile; fileRef = 55440B541A34B12500969FBC /* Images.xcassets */; };
		55440B581A34B12500969FBC /* LaunchScreen.xib in Resources */ = {isa = PBXBuildFile; fileRef = 55440B561A34B12500969FBC /* LaunchScreen.xib */; };
		55440B641A34B12500969FBC /* PayPalTestTests.swift in Sources */ = {isa = PBXBuildFile; fileRef = 55440B631A34B12500969FBC /* PayPalTestTests.swift */; };
		55440B7E1A34B14F00969FBC /* libPayPalMobile.a in Frameworks */ = {isa = PBXBuildFile; fileRef = 55440B761A34B14F00969FBC /* libPayPalMobile.a */; };
		55440B921A34B44E00969FBC /* AudioToolbox.framework in Frameworks */ = {isa = PBXBuildFile; fileRef = 55440B911A34B44E00969FBC /* AudioToolbox.framework */; };
		55440B961A34B46300969FBC /* AVFoundation.framework in Frameworks */ = {isa = PBXBuildFile; fileRef = 55440B951A34B46300969FBC /* AVFoundation.framework */; };
		55440B981A34B47300969FBC /* CoreLocation.framework in Frameworks */ = {isa = PBXBuildFile; fileRef = 55440B971A34B47300969FBC /* CoreLocation.framework */; };
		55440B9A1A34B48300969FBC /* CoreMedia.framework in Frameworks */ = {isa = PBXBuildFile; fileRef = 55440B991A34B48300969FBC /* CoreMedia.framework */; };
		55440B9E1A34B48F00969FBC /* MessageUI.framework in Frameworks */ = {isa = PBXBuildFile; fileRef = 55440B9D1A34B48F00969FBC /* MessageUI.framework */; };
		55440BA01A34B49C00969FBC /* MobileCoreServices.framework in Frameworks */ = {isa = PBXBuildFile; fileRef = 55440B9F1A34B49C00969FBC /* MobileCoreServices.framework */; };
		55440BA41A34B4AA00969FBC /* SystemConfiguration.framework in Frameworks */ = {isa = PBXBuildFile; fileRef = 55440BA31A34B4AA00969FBC /* SystemConfiguration.framework */; };
		55440BA71A34B66900969FBC /* Bridge.m in Sources */ = {isa = PBXBuildFile; fileRef = 55440BA61A34B66900969FBC /* Bridge.m */; };
/* End PBXBuildFile section */

/* Begin PBXContainerItemProxy section */
		55440B5E1A34B12500969FBC /* PBXContainerItemProxy */ = {
			isa = PBXContainerItemProxy;
			containerPortal = 55440B401A34B12500969FBC /* Project object */;
			proxyType = 1;
			remoteGlobalIDString = 55440B471A34B12500969FBC;
			remoteInfo = PayPalTest;
		};
/* End PBXContainerItemProxy section */

/* Begin PBXFileReference section */
		55440B481A34B12500969FBC /* PayPalTest.app */ = {isa = PBXFileReference; explicitFileType = wrapper.application; includeInIndex = 0; path = PayPalTest.app; sourceTree = BUILT_PRODUCTS_DIR; };
		55440B4C1A34B12500969FBC /* Info.plist */ = {isa = PBXFileReference; lastKnownFileType = text.plist.xml; path = Info.plist; sourceTree = "<group>"; };
		55440B4D1A34B12500969FBC /* AppDelegate.swift */ = {isa = PBXFileReference; lastKnownFileType = sourcecode.swift; path = AppDelegate.swift; sourceTree = "<group>"; };
		55440B4F1A34B12500969FBC /* ViewController.swift */ = {isa = PBXFileReference; lastKnownFileType = sourcecode.swift; path = ViewController.swift; sourceTree = "<group>"; };
		55440B521A34B12500969FBC /* Base */ = {isa = PBXFileReference; lastKnownFileType = file.storyboard; name = Base; path = Base.lproj/Main.storyboard; sourceTree = "<group>"; };
		55440B541A34B12500969FBC /* Images.xcassets */ = {isa = PBXFileReference; lastKnownFileType = folder.assetcatalog; path = Images.xcassets; sourceTree = "<group>"; };
		55440B571A34B12500969FBC /* Base */ = {isa = PBXFileReference; lastKnownFileType = file.xib; name = Base; path = Base.lproj/LaunchScreen.xib; sourceTree = "<group>"; };
		55440B5D1A34B12500969FBC /* PayPalTestTests.xctest */ = {isa = PBXFileReference; explicitFileType = wrapper.cfbundle; includeInIndex = 0; path = PayPalTestTests.xctest; sourceTree = BUILT_PRODUCTS_DIR; };
		55440B621A34B12500969FBC /* Info.plist */ = {isa = PBXFileReference; lastKnownFileType = text.plist.xml; path = Info.plist; sourceTree = "<group>"; };
		55440B631A34B12500969FBC /* PayPalTestTests.swift */ = {isa = PBXFileReference; lastKnownFileType = sourcecode.swift; path = PayPalTestTests.swift; sourceTree = "<group>"; };
		55440B6E1A34B14F00969FBC /* CardIO.h */ = {isa = PBXFileReference; fileEncoding = 4; lastKnownFileType = sourcecode.c.h; path = CardIO.h; sourceTree = "<group>"; };
		55440B6F1A34B14F00969FBC /* CardIOCreditCardInfo.h */ = {isa = PBXFileReference; fileEncoding = 4; lastKnownFileType = sourcecode.c.h; path = CardIOCreditCardInfo.h; sourceTree = "<group>"; };
		55440B701A34B14F00969FBC /* CardIODetectionMode.h */ = {isa = PBXFileReference; fileEncoding = 4; lastKnownFileType = sourcecode.c.h; path = CardIODetectionMode.h; sourceTree = "<group>"; };
		55440B711A34B14F00969FBC /* CardIOPaymentViewController.h */ = {isa = PBXFileReference; fileEncoding = 4; lastKnownFileType = sourcecode.c.h; path = CardIOPaymentViewController.h; sourceTree = "<group>"; };
		55440B721A34B14F00969FBC /* CardIOPaymentViewControllerDelegate.h */ = {isa = PBXFileReference; fileEncoding = 4; lastKnownFileType = sourcecode.c.h; path = CardIOPaymentViewControllerDelegate.h; sourceTree = "<group>"; };
		55440B731A34B14F00969FBC /* CardIOUtilities.h */ = {isa = PBXFileReference; fileEncoding = 4; lastKnownFileType = sourcecode.c.h; path = CardIOUtilities.h; sourceTree = "<group>"; };
		55440B741A34B14F00969FBC /* CardIOView.h */ = {isa = PBXFileReference; fileEncoding = 4; lastKnownFileType = sourcecode.c.h; path = CardIOView.h; sourceTree = "<group>"; };
		55440B751A34B14F00969FBC /* CardIOViewDelegate.h */ = {isa = PBXFileReference; fileEncoding = 4; lastKnownFileType = sourcecode.c.h; path = CardIOViewDelegate.h; sourceTree = "<group>"; };
		55440B761A34B14F00969FBC /* libPayPalMobile.a */ = {isa = PBXFileReference; lastKnownFileType = archive.ar; path = libPayPalMobile.a; sourceTree = "<group>"; };
		55440B771A34B14F00969FBC /* PayPalConfiguration.h */ = {isa = PBXFileReference; fileEncoding = 4; lastKnownFileType = sourcecode.c.h; path = PayPalConfiguration.h; sourceTree = "<group>"; };
		55440B781A34B14F00969FBC /* PayPalFuturePaymentViewController.h */ = {isa = PBXFileReference; fileEncoding = 4; lastKnownFileType = sourcecode.c.h; path = PayPalFuturePaymentViewController.h; sourceTree = "<group>"; };
		55440B791A34B14F00969FBC /* PayPalMobile.h */ = {isa = PBXFileReference; fileEncoding = 4; lastKnownFileType = sourcecode.c.h; path = PayPalMobile.h; sourceTree = "<group>"; };
		55440B7A1A34B14F00969FBC /* PayPalOAuthScopes.h */ = {isa = PBXFileReference; fileEncoding = 4; lastKnownFileType = sourcecode.c.h; path = PayPalOAuthScopes.h; sourceTree = "<group>"; };
		55440B7B1A34B14F00969FBC /* PayPalPayment.h */ = {isa = PBXFileReference; fileEncoding = 4; lastKnownFileType = sourcecode.c.h; path = PayPalPayment.h; sourceTree = "<group>"; };
		55440B7C1A34B14F00969FBC /* PayPalPaymentViewController.h */ = {isa = PBXFileReference; fileEncoding = 4; lastKnownFileType = sourcecode.c.h; path = PayPalPaymentViewController.h; sourceTree = "<group>"; };
		55440B7D1A34B14F00969FBC /* PayPalProfileSharingViewController.h */ = {isa = PBXFileReference; fileEncoding = 4; lastKnownFileType = sourcecode.c.h; path = PayPalProfileSharingViewController.h; sourceTree = "<group>"; };
		55440B911A34B44E00969FBC /* AudioToolbox.framework */ = {isa = PBXFileReference; lastKnownFileType = wrapper.framework; name = AudioToolbox.framework; path = System/Library/Frameworks/AudioToolbox.framework; sourceTree = SDKROOT; };
		55440B951A34B46300969FBC /* AVFoundation.framework */ = {isa = PBXFileReference; lastKnownFileType = wrapper.framework; name = AVFoundation.framework; path = System/Library/Frameworks/AVFoundation.framework; sourceTree = SDKROOT; };
		55440B971A34B47300969FBC /* CoreLocation.framework */ = {isa = PBXFileReference; lastKnownFileType = wrapper.framework; name = CoreLocation.framework; path = System/Library/Frameworks/CoreLocation.framework; sourceTree = SDKROOT; };
		55440B991A34B48300969FBC /* CoreMedia.framework */ = {isa = PBXFileReference; lastKnownFileType = wrapper.framework; name = CoreMedia.framework; path = System/Library/Frameworks/CoreMedia.framework; sourceTree = SDKROOT; };
		55440B9D1A34B48F00969FBC /* MessageUI.framework */ = {isa = PBXFileReference; lastKnownFileType = wrapper.framework; name = MessageUI.framework; path = System/Library/Frameworks/MessageUI.framework; sourceTree = SDKROOT; };
		55440B9F1A34B49C00969FBC /* MobileCoreServices.framework */ = {isa = PBXFileReference; lastKnownFileType = wrapper.framework; name = MobileCoreServices.framework; path = System/Library/Frameworks/MobileCoreServices.framework; sourceTree = SDKROOT; };
		55440BA31A34B4AA00969FBC /* SystemConfiguration.framework */ = {isa = PBXFileReference; lastKnownFileType = wrapper.framework; name = SystemConfiguration.framework; path = System/Library/Frameworks/SystemConfiguration.framework; sourceTree = SDKROOT; };
		55440BA51A34B66800969FBC /* PayPalTest-Bridging-Header.h */ = {isa = PBXFileReference; lastKnownFileType = sourcecode.c.h; path = "PayPalTest-Bridging-Header.h"; sourceTree = "<group>"; };
		55440BA61A34B66900969FBC /* Bridge.m */ = {isa = PBXFileReference; fileEncoding = 4; lastKnownFileType = sourcecode.c.objc; path = Bridge.m; sourceTree = "<group>"; };
/* End PBXFileReference section */

/* Begin PBXFrameworksBuildPhase section */
		55440B451A34B12500969FBC /* Frameworks */ = {
			isa = PBXFrameworksBuildPhase;
			buildActionMask = 2147483647;
			files = (
				55440BA41A34B4AA00969FBC /* SystemConfiguration.framework in Frameworks */,
				55440BA01A34B49C00969FBC /* MobileCoreServices.framework in Frameworks */,
				55440B9E1A34B48F00969FBC /* MessageUI.framework in Frameworks */,
				55440B9A1A34B48300969FBC /* CoreMedia.framework in Frameworks */,
				55440B981A34B47300969FBC /* CoreLocation.framework in Frameworks */,
				55440B961A34B46300969FBC /* AVFoundation.framework in Frameworks */,
				55440B921A34B44E00969FBC /* AudioToolbox.framework in Frameworks */,
				55440B7E1A34B14F00969FBC /* libPayPalMobile.a in Frameworks */,
			);
			runOnlyForDeploymentPostprocessing = 0;
		};
		55440B5A1A34B12500969FBC /* Frameworks */ = {
			isa = PBXFrameworksBuildPhase;
			buildActionMask = 2147483647;
			files = (
			);
			runOnlyForDeploymentPostprocessing = 0;
		};
/* End PBXFrameworksBuildPhase section */

/* Begin PBXGroup section */
		55440B3F1A34B12500969FBC = {
			isa = PBXGroup;
			children = (
				55440BA31A34B4AA00969FBC /* SystemConfiguration.framework */,
				55440B9F1A34B49C00969FBC /* MobileCoreServices.framework */,
				55440B9D1A34B48F00969FBC /* MessageUI.framework */,
				55440B991A34B48300969FBC /* CoreMedia.framework */,
				55440B971A34B47300969FBC /* CoreLocation.framework */,
				55440B951A34B46300969FBC /* AVFoundation.framework */,
				55440B911A34B44E00969FBC /* AudioToolbox.framework */,
				55440B6D1A34B14F00969FBC /* PayPalMobile */,
				55440B4A1A34B12500969FBC /* PayPalTest */,
				55440B601A34B12500969FBC /* PayPalTestTests */,
				55440B491A34B12500969FBC /* Products */,
			);
			sourceTree = "<group>";
		};
		55440B491A34B12500969FBC /* Products */ = {
			isa = PBXGroup;
			children = (
				55440B481A34B12500969FBC /* PayPalTest.app */,
				55440B5D1A34B12500969FBC /* PayPalTestTests.xctest */,
			);
			name = Products;
			sourceTree = "<group>";
		};
		55440B4A1A34B12500969FBC /* PayPalTest */ = {
			isa = PBXGroup;
			children = (
				55440B4D1A34B12500969FBC /* AppDelegate.swift */,
				55440B4F1A34B12500969FBC /* ViewController.swift */,
				55440B511A34B12500969FBC /* Main.storyboard */,
				55440B541A34B12500969FBC /* Images.xcassets */,
				55440B561A34B12500969FBC /* LaunchScreen.xib */,
				55440B4B1A34B12500969FBC /* Supporting Files */,
				55440BA61A34B66900969FBC /* Bridge.m */,
				55440BA51A34B66800969FBC /* PayPalTest-Bridging-Header.h */,
			);
			path = PayPalTest;
			sourceTree = "<group>";
		};
		55440B4B1A34B12500969FBC /* Supporting Files */ = {
			isa = PBXGroup;
			children = (
				55440B4C1A34B12500969FBC /* Info.plist */,
			);
			name = "Supporting Files";
			sourceTree = "<group>";
		};
		55440B601A34B12500969FBC /* PayPalTestTests */ = {
			isa = PBXGroup;
			children = (
				55440B631A34B12500969FBC /* PayPalTestTests.swift */,
				55440B611A34B12500969FBC /* Supporting Files */,
			);
			path = PayPalTestTests;
			sourceTree = "<group>";
		};
		55440B611A34B12500969FBC /* Supporting Files */ = {
			isa = PBXGroup;
			children = (
				55440B621A34B12500969FBC /* Info.plist */,
			);
			name = "Supporting Files";
			sourceTree = "<group>";
		};
		55440B6D1A34B14F00969FBC /* PayPalMobile */ = {
			isa = PBXGroup;
			children = (
				55440B6E1A34B14F00969FBC /* CardIO.h */,
				55440B6F1A34B14F00969FBC /* CardIOCreditCardInfo.h */,
				55440B701A34B14F00969FBC /* CardIODetectionMode.h */,
				55440B711A34B14F00969FBC /* CardIOPaymentViewController.h */,
				55440B721A34B14F00969FBC /* CardIOPaymentViewControllerDelegate.h */,
				55440B731A34B14F00969FBC /* CardIOUtilities.h */,
				55440B741A34B14F00969FBC /* CardIOView.h */,
				55440B751A34B14F00969FBC /* CardIOViewDelegate.h */,
				55440B761A34B14F00969FBC /* libPayPalMobile.a */,
				55440B771A34B14F00969FBC /* PayPalConfiguration.h */,
				55440B781A34B14F00969FBC /* PayPalFuturePaymentViewController.h */,
				55440B791A34B14F00969FBC /* PayPalMobile.h */,
				55440B7A1A34B14F00969FBC /* PayPalOAuthScopes.h */,
				55440B7B1A34B14F00969FBC /* PayPalPayment.h */,
				55440B7C1A34B14F00969FBC /* PayPalPaymentViewController.h */,
				55440B7D1A34B14F00969FBC /* PayPalProfileSharingViewController.h */,
			);
			name = PayPalMobile;
			path = "../../PayPal-iOS-SDK-master/PayPalMobile";
			sourceTree = "<group>";
		};
/* End PBXGroup section */

/* Begin PBXNativeTarget section */
		55440B471A34B12500969FBC /* PayPalTest */ = {
			isa = PBXNativeTarget;
			buildConfigurationList = 55440B671A34B12500969FBC /* Build configuration list for PBXNativeTarget "PayPalTest" */;
			buildPhases = (
				55440B441A34B12500969FBC /* Sources */,
				55440B451A34B12500969FBC /* Frameworks */,
				55440B461A34B12500969FBC /* Resources */,
			);
			buildRules = (
			);
			dependencies = (
			);
			name = PayPalTest;
			productName = PayPalTest;
			productReference = 55440B481A34B12500969FBC /* PayPalTest.app */;
			productType = "com.apple.product-type.application";
		};
		55440B5C1A34B12500969FBC /* PayPalTestTests */ = {
			isa = PBXNativeTarget;
			buildConfigurationList = 55440B6A1A34B12500969FBC /* Build configuration list for PBXNativeTarget "PayPalTestTests" */;
			buildPhases = (
				55440B591A34B12500969FBC /* Sources */,
				55440B5A1A34B12500969FBC /* Frameworks */,
				55440B5B1A34B12500969FBC /* Resources */,
			);
			buildRules = (
			);
			dependencies = (
				55440B5F1A34B12500969FBC /* PBXTargetDependency */,
			);
			name = PayPalTestTests;
			productName = PayPalTestTests;
			productReference = 55440B5D1A34B12500969FBC /* PayPalTestTests.xctest */;
			productType = "com.apple.product-type.bundle.unit-test";
		};
/* End PBXNativeTarget section */

/* Begin PBXProject section */
		55440B401A34B12500969FBC /* Project object */ = {
			isa = PBXProject;
			attributes = {
				LastUpgradeCheck = 0610;
				ORGANIZATIONNAME = "David McQueen";
				TargetAttributes = {
					55440B471A34B12500969FBC = {
						CreatedOnToolsVersion = 6.1.1;
					};
					55440B5C1A34B12500969FBC = {
						CreatedOnToolsVersion = 6.1.1;
						TestTargetID = 55440B471A34B12500969FBC;
					};
				};
			};
			buildConfigurationList = 55440B431A34B12500969FBC /* Build configuration list for PBXProject "PayPalTest" */;
			compatibilityVersion = "Xcode 3.2";
			developmentRegion = English;
			hasScannedForEncodings = 0;
			knownRegions = (
				en,
				Base,
			);
			mainGroup = 55440B3F1A34B12500969FBC;
			productRefGroup = 55440B491A34B12500969FBC /* Products */;
			projectDirPath = "";
			projectRoot = "";
			targets = (
				55440B471A34B12500969FBC /* PayPalTest */,
				55440B5C1A34B12500969FBC /* PayPalTestTests */,
			);
		};
/* End PBXProject section */

/* Begin PBXResourcesBuildPhase section */
		55440B461A34B12500969FBC /* Resources */ = {
			isa = PBXResourcesBuildPhase;
			buildActionMask = 2147483647;
			files = (
				55440B531A34B12500969FBC /* Main.storyboard in Resources */,
				55440B581A34B12500969FBC /* LaunchScreen.xib in Resources */,
				55440B551A34B12500969FBC /* Images.xcassets in Resources */,
			);
			runOnlyForDeploymentPostprocessing = 0;
		};
		55440B5B1A34B12500969FBC /* Resources */ = {
			isa = PBXResourcesBuildPhase;
			buildActionMask = 2147483647;
			files = (
			);
			runOnlyForDeploymentPostprocessing = 0;
		};
/* End PBXResourcesBuildPhase section */

/* Begin PBXSourcesBuildPhase section */
		55440B441A34B12500969FBC /* Sources */ = {
			isa = PBXSourcesBuildPhase;
			buildActionMask = 2147483647;
			files = (
				55440B501A34B12500969FBC /* ViewController.swift in Sources */,
				55440BA71A34B66900969FBC /* Bridge.m in Sources */,
				55440B4E1A34B12500969FBC /* AppDelegate.swift in Sources */,
			);
			runOnlyForDeploymentPostprocessing = 0;
		};
		55440B591A34B12500969FBC /* Sources */ = {
			isa = PBXSourcesBuildPhase;
			buildActionMask = 2147483647;
			files = (
				55440B641A34B12500969FBC /* PayPalTestTests.swift in Sources */,
			);
			runOnlyForDeploymentPostprocessing = 0;
		};
/* End PBXSourcesBuildPhase section */

/* Begin PBXTargetDependency section */
		55440B5F1A34B12500969FBC /* PBXTargetDependency */ = {
			isa = PBXTargetDependency;
			target = 55440B471A34B12500969FBC /* PayPalTest */;
			targetProxy = 55440B5E1A34B12500969FBC /* PBXContainerItemProxy */;
		};
/* End PBXTargetDependency section */

/* Begin PBXVariantGroup section */
		55440B511A34B12500969FBC /* Main.storyboard */ = {
			isa = PBXVariantGroup;
			children = (
				55440B521A34B12500969FBC /* Base */,
			);
			name = Main.storyboard;
			sourceTree = "<group>";
		};
		55440B561A34B12500969FBC /* LaunchScreen.xib */ = {
			isa = PBXVariantGroup;
			children = (
				55440B571A34B12500969FBC /* Base */,
			);
			name = LaunchScreen.xib;
			sourceTree = "<group>";
		};
/* End PBXVariantGroup section */

/* Begin XCBuildConfiguration section */
		55440B651A34B12500969FBC /* Debug */ = {
			isa = XCBuildConfiguration;
			buildSettings = {
				ALWAYS_SEARCH_USER_PATHS = NO;
				CLANG_CXX_LANGUAGE_STANDARD = "gnu++0x";
				CLANG_CXX_LIBRARY = "libc++";
				CLANG_ENABLE_MODULES = YES;
				CLANG_ENABLE_OBJC_ARC = YES;
				CLANG_WARN_BOOL_CONVERSION = YES;
				CLANG_WARN_CONSTANT_CONVERSION = YES;
				CLANG_WARN_DIRECT_OBJC_ISA_USAGE = YES_ERROR;
				CLANG_WARN_EMPTY_BODY = YES;
				CLANG_WARN_ENUM_CONVERSION = YES;
				CLANG_WARN_INT_CONVERSION = YES;
				CLANG_WARN_OBJC_ROOT_CLASS = YES_ERROR;
				CLANG_WARN_UNREACHABLE_CODE = YES;
				CLANG_WARN__DUPLICATE_METHOD_MATCH = YES;
				"CODE_SIGN_IDENTITY[sdk=iphoneos*]" = "iPhone Developer";
				COPY_PHASE_STRIP = NO;
				ENABLE_STRICT_OBJC_MSGSEND = YES;
				GCC_C_LANGUAGE_STANDARD = gnu99;
				GCC_DYNAMIC_NO_PIC = NO;
				GCC_OPTIMIZATION_LEVEL = 0;
				GCC_PREPROCESSOR_DEFINITIONS = (
					"DEBUG=1",
					"$(inherited)",
				);
				GCC_SYMBOLS_PRIVATE_EXTERN = NO;
				GCC_WARN_64_TO_32_BIT_CONVERSION = YES;
				GCC_WARN_ABOUT_RETURN_TYPE = YES_ERROR;
				GCC_WARN_UNDECLARED_SELECTOR = YES;
				GCC_WARN_UNINITIALIZED_AUTOS = YES_AGGRESSIVE;
				GCC_WARN_UNUSED_FUNCTION = YES;
				GCC_WARN_UNUSED_VARIABLE = YES;
				IPHONEOS_DEPLOYMENT_TARGET = 8.1;
				MTL_ENABLE_DEBUG_INFO = YES;
				ONLY_ACTIVE_ARCH = YES;
				SDKROOT = iphoneos;
				SWIFT_OPTIMIZATION_LEVEL = "-Onone";
			};
			name = Debug;
		};
		55440B661A34B12500969FBC /* Release */ = {
			isa = XCBuildConfiguration;
			buildSettings = {
				ALWAYS_SEARCH_USER_PATHS = NO;
				CLANG_CXX_LANGUAGE_STANDARD = "gnu++0x";
				CLANG_CXX_LIBRARY = "libc++";
				CLANG_ENABLE_MODULES = YES;
				CLANG_ENABLE_OBJC_ARC = YES;
				CLANG_WARN_BOOL_CONVERSION = YES;
				CLANG_WARN_CONSTANT_CONVERSION = YES;
				CLANG_WARN_DIRECT_OBJC_ISA_USAGE = YES_ERROR;
				CLANG_WARN_EMPTY_BODY = YES;
				CLANG_WARN_ENUM_CONVERSION = YES;
				CLANG_WARN_INT_CONVERSION = YES;
				CLANG_WARN_OBJC_ROOT_CLASS = YES_ERROR;
				CLANG_WARN_UNREACHABLE_CODE = YES;
				CLANG_WARN__DUPLICATE_METHOD_MATCH = YES;
				"CODE_SIGN_IDENTITY[sdk=iphoneos*]" = "iPhone Developer";
				COPY_PHASE_STRIP = YES;
				ENABLE_NS_ASSERTIONS = NO;
				ENABLE_STRICT_OBJC_MSGSEND = YES;
				GCC_C_LANGUAGE_STANDARD = gnu99;
				GCC_WARN_64_TO_32_BIT_CONVERSION = YES;
				GCC_WARN_ABOUT_RETURN_TYPE = YES_ERROR;
				GCC_WARN_UNDECLARED_SELECTOR = YES;
				GCC_WARN_UNINITIALIZED_AUTOS = YES_AGGRESSIVE;
				GCC_WARN_UNUSED_FUNCTION = YES;
				GCC_WARN_UNUSED_VARIABLE = YES;
				IPHONEOS_DEPLOYMENT_TARGET = 8.1;
				MTL_ENABLE_DEBUG_INFO = NO;
				SDKROOT = iphoneos;
				VALIDATE_PRODUCT = YES;
			};
			name = Release;
		};
		55440B681A34B12500969FBC /* Debug */ = {
			isa = XCBuildConfiguration;
			buildSettings = {
				ASSETCATALOG_COMPILER_APPICON_NAME = AppIcon;
				CLANG_ENABLE_MODULES = YES;
				INFOPLIST_FILE = PayPalTest/Info.plist;
				LD_RUNPATH_SEARCH_PATHS = "$(inherited) @executable_path/Frameworks";
				LIBRARY_SEARCH_PATHS = (
					"$(inherited)",
					/Users/Dave/MEGA/Development,
					"Programming/Swift/PayPal-iOS-SDK-master/PayPalMobile",
				);
				OTHER_LDFLAGS = (
					"-lc++",
					"-ObjC",
				);
				PRODUCT_NAME = "$(TARGET_NAME)";
				SWIFT_OBJC_BRIDGING_HEADER = "PayPalTest/PayPalTest-Bridging-Header.h";
				SWIFT_OPTIMIZATION_LEVEL = "-Onone";
			};
			name = Debug;
		};
		55440B691A34B12500969FBC /* Release */ = {
			isa = XCBuildConfiguration;
			buildSettings = {
				ASSETCATALOG_COMPILER_APPICON_NAME = AppIcon;
				CLANG_ENABLE_MODULES = YES;
				INFOPLIST_FILE = PayPalTest/Info.plist;
				LD_RUNPATH_SEARCH_PATHS = "$(inherited) @executable_path/Frameworks";
				LIBRARY_SEARCH_PATHS = (
					"$(inherited)",
					/Users/Dave/MEGA/Development,
					"Programming/Swift/PayPal-iOS-SDK-master/PayPalMobile",
				);
				OTHER_LDFLAGS = (
					"-lc++",
					"-ObjC",
				);
				PRODUCT_NAME = "$(TARGET_NAME)";
				SWIFT_OBJC_BRIDGING_HEADER = "PayPalTest/PayPalTest-Bridging-Header.h";
			};
			name = Release;
		};
		55440B6B1A34B12500969FBC /* Debug */ = {
			isa = XCBuildConfiguration;
			buildSettings = {
				BUNDLE_LOADER = "$(TEST_HOST)";
				FRAMEWORK_SEARCH_PATHS = (
					"$(SDKROOT)/Developer/Library/Frameworks",
					"$(inherited)",
				);
				GCC_PREPROCESSOR_DEFINITIONS = (
					"DEBUG=1",
					"$(inherited)",
				);
				INFOPLIST_FILE = PayPalTestTests/Info.plist;
				LD_RUNPATH_SEARCH_PATHS = "$(inherited) @executable_path/Frameworks @loader_path/Frameworks";
				PRODUCT_NAME = "$(TARGET_NAME)";
				TEST_HOST = "$(BUILT_PRODUCTS_DIR)/PayPalTest.app/PayPalTest";
			};
			name = Debug;
		};
		55440B6C1A34B12500969FBC /* Release */ = {
			isa = XCBuildConfiguration;
			buildSettings = {
				BUNDLE_LOADER = "$(TEST_HOST)";
				FRAMEWORK_SEARCH_PATHS = (
					"$(SDKROOT)/Developer/Library/Frameworks",
					"$(inherited)",
				);
				INFOPLIST_FILE = PayPalTestTests/Info.plist;
				LD_RUNPATH_SEARCH_PATHS = "$(inherited) @executable_path/Frameworks @loader_path/Frameworks";
				PRODUCT_NAME = "$(TARGET_NAME)";
				TEST_HOST = "$(BUILT_PRODUCTS_DIR)/PayPalTest.app/PayPalTest";
			};
			name = Release;
		};
/* End XCBuildConfiguration section */

/* Begin XCConfigurationList section */
		55440B431A34B12500969FBC /* Build configuration list for PBXProject "PayPalTest" */ = {
			isa = XCConfigurationList;
			buildConfigurations = (
				55440B651A34B12500969FBC /* Debug */,
				55440B661A34B12500969FBC /* Release */,
			);
			defaultConfigurationIsVisible = 0;
			defaultConfigurationName = Release;
		};
		55440B671A34B12500969FBC /* Build configuration list for PBXNativeTarget "PayPalTest" */ = {
			isa = XCConfigurationList;
			buildConfigurations = (
				55440B681A34B12500969FBC /* Debug */,
				55440B691A34B12500969FBC /* Release */,
			);
			defaultConfigurationIsVisible = 0;
		};
		55440B6A1A34B12500969FBC /* Build configuration list for PBXNativeTarget "PayPalTestTests" */ = {
			isa = XCConfigurationList;
			buildConfigurations = (
				55440B6B1A34B12500969FBC /* Debug */,
				55440B6C1A34B12500969FBC /* Release */,
			);
			defaultConfigurationIsVisible = 0;
		};
/* End XCConfigurationList section */
	};
	rootObject = 55440B401A34B12500969FBC /* Project object */;
}
